
Microsoft Visual Studio Solution File, Format Version 12.00
Project("{FAE04EC0-301F-11D3-BF4B-00C04F79EFBC}") = "AwEReader.Core", "AwEReader.Core\AwEReader.Core.csproj", "{724855F7-E5FE-4D73-A406-9594FCBEBA02}"
EndProject
Project("{FAE04EC0-301F-11D3-BF4B-00C04F79EFBC}") = "AwEReader.App", "AwEReader.App\AwEReader.App\AwEReader.App.csproj", "{ADFCFCDB-C83D-44EB-8EFC-6ACFDD6CB1A9}"
EndProject
Project("{FAE04EC0-301F-11D3-BF4B-00C04F79EFBC}") = "AwEReader.App.Android", "AwEReader.App\AwEReader.App.Android\AwEReader.App.Android.csproj", "{518A0B8A-53CE-4AE3-8FDC-92A6FB9A6FD4}"
EndProject
Project("{FAE04EC0-301F-11D3-BF4B-00C04F79EFBC}") = "AwEReader.App.Desktop", "AwEReader.App\AwEReader.App.Desktop\AwEReader.App.Desktop.csproj", "{15691F16-8A3B-4A12-B251-13EE0EA14C01}"
EndProject
Project("{FAE04EC0-301F-11D3-BF4B-00C04F79EFBC}") = "AwEReader.App.iOS", "AwEReader.App\AwEReader.App.iOS\AwEReader.App.iOS.csproj", "{D51DB8F6-04EE-4ADA-B7F9-3A78EFAECF0F}"
EndProject
Project("{FAE04EC0-301F-11D3-BF4B-00C04F79EFBC}") = "AwEReader.App.Browser", "AwEReader.App\AwEReader.App.Browser\AwEReader.App.Browser.csproj", "{510D1CD9-EC8E-42EB-8729-6D5555586FF7}"
EndProject
Global
	GlobalSection(SolutionConfigurationPlatforms) = preSolution
		Debug|Any CPU = Debug|Any CPU
		Release|Any CPU = Release|Any CPU
	EndGlobalSection
	GlobalSection(ProjectConfigurationPlatforms) = postSolution
		{724855F7-E5FE-4D73-A406-9594FCBEBA02}.Debug|Any CPU.ActiveCfg = Debug|Any CPU
		{724855F7-E5FE-4D73-A406-9594FCBEBA02}.Debug|Any CPU.Build.0 = Debug|Any CPU
		{724855F7-E5FE-4D73-A406-9594FCBEBA02}.Release|Any CPU.ActiveCfg = Release|Any CPU
		{724855F7-E5FE-4D73-A406-9594FCBEBA02}.Release|Any CPU.Build.0 = Release|Any CPU
		{ADFCFCDB-C83D-44EB-8EFC-6ACFDD6CB1A9}.Debug|Any CPU.ActiveCfg = Debug|Any CPU
		{ADFCFCDB-C83D-44EB-8EFC-6ACFDD6CB1A9}.Debug|Any CPU.Build.0 = Debug|Any CPU
		{ADFCFCDB-C83D-44EB-8EFC-6ACFDD6CB1A9}.Release|Any CPU.ActiveCfg = Release|Any CPU
		{ADFCFCDB-C83D-44EB-8EFC-6ACFDD6CB1A9}.Release|Any CPU.Build.0 = Release|Any CPU
		{518A0B8A-53CE-4AE3-8FDC-92A6FB9A6FD4}.Debug|Any CPU.ActiveCfg = Debug|Any CPU
		{518A0B8A-53CE-4AE3-8FDC-92A6FB9A6FD4}.Debug|Any CPU.Build.0 = Debug|Any CPU
		{518A0B8A-53CE-4AE3-8FDC-92A6FB9A6FD4}.Release|Any CPU.ActiveCfg = Release|Any CPU
		{518A0B8A-53CE-4AE3-8FDC-92A6FB9A6FD4}.Release|Any CPU.Build.0 = Release|Any CPU
		{15691F16-8A3B-4A12-B251-13EE0EA14C01}.Debug|Any CPU.ActiveCfg = Debug|Any CPU
		{15691F16-8A3B-4A12-B251-13EE0EA14C01}.Debug|Any CPU.Build.0 = Debug|Any CPU
		{15691F16-8A3B-4A12-B251-13EE0EA14C01}.Release|Any CPU.ActiveCfg = Release|Any CPU
		{15691F16-8A3B-4A12-B251-13EE0EA14C01}.Release|Any CPU.Build.0 = Release|Any CPU
		{D51DB8F6-04EE-4ADA-B7F9-3A78EFAECF0F}.Debug|Any CPU.ActiveCfg = Debug|Any CPU
		{D51DB8F6-04EE-4ADA-B7F9-3A78EFAECF0F}.Debug|Any CPU.Build.0 = Debug|Any CPU
		{D51DB8F6-04EE-4ADA-B7F9-3A78EFAECF0F}.Release|Any CPU.ActiveCfg = Release|Any CPU
		{D51DB8F6-04EE-4ADA-B7F9-3A78EFAECF0F}.Release|Any CPU.Build.0 = Release|Any CPU
		{510D1CD9-EC8E-42EB-8729-6D5555586FF7}.Debug|Any CPU.ActiveCfg = Debug|Any CPU
		{510D1CD9-EC8E-42EB-8729-6D5555586FF7}.Debug|Any CPU.Build.0 = Debug|Any CPU
		{510D1CD9-EC8E-42EB-8729-6D5555586FF7}.Release|Any CPU.ActiveCfg = Release|Any CPU
		{510D1CD9-EC8E-42EB-8729-6D5555586FF7}.Release|Any CPU.Build.0 = Release|Any CPU
	EndGlobalSection
EndGlobal
